
Microsoft Visual Studio Solution File, Format Version 12.00
# Visual Studio 15
Project("{FAE04EC0-301F-11D3-BF4B-00C04F79EFBC}") = "Assembly-CSharp", "Assembly-CSharp.csproj", "{B71F155A-3AAF-C934-29E8-236E70A9B1B2}"
EndProject
Project("{FAE04EC0-301F-11D3-BF4B-00C04F79EFBC}") = "ClientAssembly", "ClientAssembly.csproj", "{A1A28F40-F3DB-B12D-EFAB-09006FBC0E6E}"
EndProject
Project("{FAE04EC0-301F-11D3-BF4B-00C04F79EFBC}") = "SharedCodeLibrary", "SharedCodeLibrary.csproj", "{34955119-FCE5-750B-D01D-A314D03C5B87}"
EndProject
Project("{FAE04EC0-301F-11D3-BF4B-00C04F79EFBC}") = "Assembly-CSharp-Editor", "Assembly-CSharp-Editor.csproj", "{023B1550-1FD7-ECB4-3525-BD8F3B47DE33}"
EndProject
Global
	GlobalSection(SolutionConfigurationPlatforms) = preSolution
		Debug|Any CPU = Debug|Any CPU
		Release|Any CPU = Release|Any CPU
	EndGlobalSection
	GlobalSection(ProjectConfigurationPlatforms) = postSolution
		{B71F155A-3AAF-C934-29E8-236E70A9B1B2}.Debug|Any CPU.ActiveCfg = Debug|Any CPU
		{B71F155A-3AAF-C934-29E8-236E70A9B1B2}.Debug|Any CPU.Build.0 = Debug|Any CPU
		{B71F155A-3AAF-C934-29E8-236E70A9B1B2}.Release|Any CPU.ActiveCfg = Release|Any CPU
		{B71F155A-3AAF-C934-29E8-236E70A9B1B2}.Release|Any CPU.Build.0 = Release|Any CPU
		{A1A28F40-F3DB-B12D-EFAB-09006FBC0E6E}.Debug|Any CPU.ActiveCfg = Debug|Any CPU
		{A1A28F40-F3DB-B12D-EFAB-09006FBC0E6E}.Debug|Any CPU.Build.0 = Debug|Any CPU
		{A1A28F40-F3DB-B12D-EFAB-09006FBC0E6E}.Release|Any CPU.ActiveCfg = Release|Any CPU
		{A1A28F40-F3DB-B12D-EFAB-09006FBC0E6E}.Release|Any CPU.Build.0 = Release|Any CPU
		{34955119-FCE5-750B-D01D-A314D03C5B87}.Debug|Any CPU.ActiveCfg = Debug|Any CPU
		{34955119-FCE5-750B-D01D-A314D03C5B87}.Debug|Any CPU.Build.0 = Debug|Any CPU
		{34955119-FCE5-750B-D01D-A314D03C5B87}.Release|Any CPU.ActiveCfg = Release|Any CPU
		{34955119-FCE5-750B-D01D-A314D03C5B87}.Release|Any CPU.Build.0 = Release|Any CPU
		{023B1550-1FD7-ECB4-3525-BD8F3B47DE33}.Debug|Any CPU.ActiveCfg = Debug|Any CPU
		{023B1550-1FD7-ECB4-3525-BD8F3B47DE33}.Debug|Any CPU.Build.0 = Debug|Any CPU
		{023B1550-1FD7-ECB4-3525-BD8F3B47DE33}.Release|Any CPU.ActiveCfg = Release|Any CPU
		{023B1550-1FD7-ECB4-3525-BD8F3B47DE33}.Release|Any CPU.Build.0 = Release|Any CPU
	EndGlobalSection
	GlobalSection(SolutionProperties) = preSolution
		HideSolutionNode = FALSE
	EndGlobalSection
EndGlobal
