
Microsoft Visual Studio Solution File, Format Version 12.00
# Visual Studio Version 17
VisualStudioVersion = 17.9.34701.34
MinimumVisualStudioVersion = 10.0.40219.1
Project("{FAE04EC0-301F-11D3-BF4B-00C04F79EFBC}") = "InGameServer", "InGameServer\InGameServer.csproj", "{7C06E9DD-60EF-4345-8C0B-FF4C0088B3DF}"
EndProject
Project("{9A19103F-16F7-4668-BE54-9A1E7A4F7556}") = "SharedCodeLibrary", "..\..\SharedCode\SharedCodeLibrary\SharedCodeLibrary\SharedCodeLibrary.csproj", "{98AA9F15-54B8-4895-9245-D8CF65E08049}"
EndProject
Global
	GlobalSection(SolutionConfigurationPlatforms) = preSolution
		Debug|Any CPU = Debug|Any CPU
		Release|Any CPU = Release|Any CPU
	EndGlobalSection
	GlobalSection(ProjectConfigurationPlatforms) = postSolution
		{7C06E9DD-60EF-4345-8C0B-FF4C0088B3DF}.Debug|Any CPU.ActiveCfg = Debug|Any CPU
		{7C06E9DD-60EF-4345-8C0B-FF4C0088B3DF}.Debug|Any CPU.Build.0 = Debug|Any CPU
		{7C06E9DD-60EF-4345-8C0B-FF4C0088B3DF}.Release|Any CPU.ActiveCfg = Release|Any CPU
		{7C06E9DD-60EF-4345-8C0B-FF4C0088B3DF}.Release|Any CPU.Build.0 = Release|Any CPU
		{98AA9F15-54B8-4895-9245-D8CF65E08049}.Debug|Any CPU.ActiveCfg = Debug|Any CPU
		{98AA9F15-54B8-4895-9245-D8CF65E08049}.Debug|Any CPU.Build.0 = Debug|Any CPU
		{98AA9F15-54B8-4895-9245-D8CF65E08049}.Release|Any CPU.ActiveCfg = Release|Any CPU
		{98AA9F15-54B8-4895-9245-D8CF65E08049}.Release|Any CPU.Build.0 = Release|Any CPU
	EndGlobalSection
	GlobalSection(SolutionProperties) = preSolution
		HideSolutionNode = FALSE
	EndGlobalSection
	GlobalSection(ExtensibilityGlobals) = postSolution
		SolutionGuid = {62108D2B-DF43-472C-81D3-8E16A7B050D4}
	EndGlobalSection
EndGlobal
